
Microsoft Visual Studio Solution File, Format Version 12.00
# Visual Studio 15
VisualStudioVersion = 15.0.28307.168
MinimumVisualStudioVersion = 10.0.40219.1
Project("{E24C65DC-7377-472B-9ABA-BC803B73C61A}") = "Profile", ".", "{CC581772-351B-4C1D-A3DD-2039DD867F62}"
	ProjectSection(WebsiteProperties) = preProject
		TargetFrameworkMoniker = ".NETFramework,Version%3Dv4.0"
		Debug.AspNetCompiler.VirtualPath = "/localhost_54292"
		Debug.AspNetCompiler.PhysicalPath = "..\..\..\Documents\Profile\"
		Debug.AspNetCompiler.TargetPath = "PrecompiledWeb\localhost_54292\"
		Debug.AspNetCompiler.Updateable = "true"
		Debug.AspNetCompiler.ForceOverwrite = "true"
		Debug.AspNetCompiler.FixedNames = "false"
		Debug.AspNetCompiler.Debug = "True"
		Release.AspNetCompiler.VirtualPath = "/localhost_54292"
		Release.AspNetCompiler.PhysicalPath = "..\..\..\Documents\Profile\"
		Release.AspNetCompiler.TargetPath = "PrecompiledWeb\localhost_54292\"
		Release.AspNetCompiler.Updateable = "true"
		Release.AspNetCompiler.ForceOverwrite = "true"
		Release.AspNetCompiler.FixedNames = "false"
		Release.AspNetCompiler.Debug = "False"
		VWDPort = "54292"
	EndProjectSection
EndProject
Global
	GlobalSection(SolutionConfigurationPlatforms) = preSolution
		Debug|Any CPU = Debug|Any CPU
	EndGlobalSection
	GlobalSection(ProjectConfigurationPlatforms) = postSolution
		{CC581772-351B-4C1D-A3DD-2039DD867F62}.Debug|Any CPU.ActiveCfg = Debug|Any CPU
		{CC581772-351B-4C1D-A3DD-2039DD867F62}.Debug|Any CPU.Build.0 = Debug|Any CPU
	EndGlobalSection
	GlobalSection(SolutionProperties) = preSolution
		HideSolutionNode = FALSE
	EndGlobalSection
	GlobalSection(ExtensibilityGlobals) = postSolution
		SolutionGuid = {3180446E-F040-477A-8F99-88E082055D0D}
	EndGlobalSection
EndGlobal
